schema: '2.0'
stages:
  discovery:
    cmd: nextflow run https://github.com/TARGENE/targene-pipeline -r 2ca5a9272dc84b606092ffac621b807758cbc112
      -entry MAKE_DATASET -profile eddie -resume -with-trace -with-report -N s2042526@ed.ac.uk
    deps:
    - path: /exports/igmm/eddie/UK-BioBank-53116/genotypes/ukb_53116_chr1.bed
      md5: 21c39fb15932a07f2a622aac804f11fb
      size: 7751445268
    - path: /exports/igmm/eddie/UK-BioBank-53116/imputed/ukb_53116_chr1.bgen
      md5: a927fc2e77171d1df59480d647721bdb
      size: 194508985673
    - path: /exports/igmm/eddie/UK-BioBank-53116/imputed/ukb_snp_qc.txt
      md5: 466d1e77a834defedabfc24cb520d967
      size: 371289758
    - path: /exports/igmm/eddie/UK-BioBank-53116/phenotypes/encoding.ukb
      md5: 46893107a1ee2f6c11c1084614950e21
      size: 12840633
    - path: /exports/igmm/eddie/UK-BioBank-53116/phenotypes/ukb45981.enc_ukb
      md5: eceb71eb8e264dc96326a5b0a4eb5b81
      size: 16731688880
    - path: assets
      md5: 48dadd7df71d52ed656fd3dd799477fd.dir
      size: 2255250833
      nfiles: 12
    - path: nextflow.config
      md5: 433b71f553caac2f2efe871b824dfb75
      size: 728
    outs:
    - path: results/dataset.arrow
      md5: c78dcb879c2111ecaf9b609be01486dc
      size: 542735842
