schema: '2.0'
stages:
  make-estimands:
    cmd: julia --project --startup-file=no scripts/make_variants_and_estimands_files.jl
    deps:
    - path: scripts/make_variants_and_estimands_files.jl
      md5: ed2484a0c6cb3b67243c8aa15c3b68d2
      size: 89
    outs:
    - path: assets/estimands/
      md5: b0d654ad8512a2456195ce798cfa0226.dir
      size: 34794
      nfiles: 6
    - path: assets/variants.txt
      md5: e185dbb6bd695098c88b24cf6da9a773
      size: 286
